// !$*UTF8*$!
{
	archiveVersion = 1;
	classes = {
	};
	objectVersion = 46;
	objects = {

/* Begin PBXBuildFile section */
		E4C7428B16D0F41B0076A8E9 /* SetCardView.m in Sources */ = {isa = PBXBuildFile; fileRef = E4C7428A16D0F41B0076A8E9 /* SetCardView.m */; };
		E4C7428F16D0F4CA0076A8E9 /* SetCardDeck.m in Sources */ = {isa = PBXBuildFile; fileRef = E4C7428E16D0F4CA0076A8E9 /* SetCardDeck.m */; };
		E4C7429316D0FC530076A8E9 /* SetCard.m in Sources */ = {isa = PBXBuildFile; fileRef = E4C7429216D0FC530076A8E9 /* SetCard.m */; };
		E4C9EED116CF71B100D6B41A /* UIKit.framework in Frameworks */ = {isa = PBXBuildFile; fileRef = E4C9EED016CF71B100D6B41A /* UIKit.framework */; };
		E4C9EED316CF71B100D6B41A /* Foundation.framework in Frameworks */ = {isa = PBXBuildFile; fileRef = E4C9EED216CF71B100D6B41A /* Foundation.framework */; };
		E4C9EED516CF71B100D6B41A /* CoreGraphics.framework in Frameworks */ = {isa = PBXBuildFile; fileRef = E4C9EED416CF71B100D6B41A /* CoreGraphics.framework */; };
		E4C9EEDB16CF71B100D6B41A /* InfoPlist.strings in Resources */ = {isa = PBXBuildFile; fileRef = E4C9EED916CF71B100D6B41A /* InfoPlist.strings */; };
		E4C9EEDD16CF71B100D6B41A /* main.m in Sources */ = {isa = PBXBuildFile; fileRef = E4C9EEDC16CF71B100D6B41A /* main.m */; };
		E4C9EEE116CF71B100D6B41A /* SuperCardAppDelegate.m in Sources */ = {isa = PBXBuildFile; fileRef = E4C9EEE016CF71B100D6B41A /* SuperCardAppDelegate.m */; };
		E4C9EEE316CF71B100D6B41A /* Default.png in Resources */ = {isa = PBXBuildFile; fileRef = E4C9EEE216CF71B100D6B41A /* Default.png */; };
		E4C9EEE516CF71B100D6B41A /* Default@2x.png in Resources */ = {isa = PBXBuildFile; fileRef = E4C9EEE416CF71B100D6B41A /* Default@2x.png */; };
		E4C9EEE716CF71B100D6B41A /* Default-568h@2x.png in Resources */ = {isa = PBXBuildFile; fileRef = E4C9EEE616CF71B100D6B41A /* Default-568h@2x.png */; };
		E4C9EEEA16CF71B100D6B41A /* MainStoryboard.storyboard in Resources */ = {isa = PBXBuildFile; fileRef = E4C9EEE816CF71B100D6B41A /* MainStoryboard.storyboard */; };
		E4C9EEED16CF71B100D6B41A /* SuperCardViewController.m in Sources */ = {isa = PBXBuildFile; fileRef = E4C9EEEC16CF71B100D6B41A /* SuperCardViewController.m */; };
		E4C9EEF516CF722A00D6B41A /* PlayingCardView.m in Sources */ = {isa = PBXBuildFile; fileRef = E4C9EEF416CF722A00D6B41A /* PlayingCardView.m */; };
		E4D91B9716CFCE05000BB2FB /* Card.m in Sources */ = {isa = PBXBuildFile; fileRef = E4D91B8C16CFCE05000BB2FB /* Card.m */; };
		E4D91B9816CFCE05000BB2FB /* Deck.m in Sources */ = {isa = PBXBuildFile; fileRef = E4D91B8E16CFCE05000BB2FB /* Deck.m */; };
		E4D91B9916CFCE05000BB2FB /* PlayingCard.m in Sources */ = {isa = PBXBuildFile; fileRef = E4D91B9016CFCE05000BB2FB /* PlayingCard.m */; };
		E4D91B9A16CFCE05000BB2FB /* PlayingCardDeck.m in Sources */ = {isa = PBXBuildFile; fileRef = E4D91B9216CFCE05000BB2FB /* PlayingCardDeck.m */; };
/* End PBXBuildFile section */

/* Begin PBXFileReference section */
		E4C7428916D0F41B0076A8E9 /* SetCardView.h */ = {isa = PBXFileReference; fileEncoding = 4; lastKnownFileType = sourcecode.c.h; path = SetCardView.h; sourceTree = "<group>"; };
		E4C7428A16D0F41B0076A8E9 /* SetCardView.m */ = {isa = PBXFileReference; fileEncoding = 4; lastKnownFileType = sourcecode.c.objc; path = SetCardView.m; sourceTree = "<group>"; };
		E4C7428C16D0F4CA0076A8E9 /* SetCard.h */ = {isa = PBXFileReference; fileEncoding = 4; lastKnownFileType = sourcecode.c.h; path = SetCard.h; sourceTree = "<group>"; };
		E4C7428D16D0F4CA0076A8E9 /* SetCardDeck.h */ = {isa = PBXFileReference; fileEncoding = 4; lastKnownFileType = sourcecode.c.h; path = SetCardDeck.h; sourceTree = "<group>"; };
		E4C7428E16D0F4CA0076A8E9 /* SetCardDeck.m */ = {isa = PBXFileReference; fileEncoding = 4; lastKnownFileType = sourcecode.c.objc; path = SetCardDeck.m; sourceTree = "<group>"; };
		E4C7429216D0FC530076A8E9 /* SetCard.m */ = {isa = PBXFileReference; fileEncoding = 4; lastKnownFileType = sourcecode.c.objc; path = SetCard.m; sourceTree = "<group>"; };
		E4C9EECD16CF71B100D6B41A /* SuperSetCard.app */ = {isa = PBXFileReference; explicitFileType = wrapper.application; includeInIndex = 0; path = SuperSetCard.app; sourceTree = BUILT_PRODUCTS_DIR; };
		E4C9EED016CF71B100D6B41A /* UIKit.framework */ = {isa = PBXFileReference; lastKnownFileType = wrapper.framework; name = UIKit.framework; path = System/Library/Frameworks/UIKit.framework; sourceTree = SDKROOT; };
		E4C9EED216CF71B100D6B41A /* Foundation.framework */ = {isa = PBXFileReference; lastKnownFileType = wrapper.framework; name = Foundation.framework; path = System/Library/Frameworks/Foundation.framework; sourceTree = SDKROOT; };
		E4C9EED416CF71B100D6B41A /* CoreGraphics.framework */ = {isa = PBXFileReference; lastKnownFileType = wrapper.framework; name = CoreGraphics.framework; path = System/Library/Frameworks/CoreGraphics.framework; sourceTree = SDKROOT; };
		E4C9EED816CF71B100D6B41A /* SuperSetCard-Info.plist */ = {isa = PBXFileReference; lastKnownFileType = text.plist.xml; path = "SuperSetCard-Info.plist"; sourceTree = "<group>"; };
		E4C9EEDA16CF71B100D6B41A /* en */ = {isa = PBXFileReference; lastKnownFileType = text.plist.strings; name = en; path = en.lproj/InfoPlist.strings; sourceTree = "<group>"; };
		E4C9EEDC16CF71B100D6B41A /* main.m */ = {isa = PBXFileReference; lastKnownFileType = sourcecode.c.objc; path = main.m; sourceTree = "<group>"; };
		E4C9EEDE16CF71B100D6B41A /* SuperSetCard-Prefix.pch */ = {isa = PBXFileReference; lastKnownFileType = sourcecode.c.h; path = "SuperSetCard-Prefix.pch"; sourceTree = "<group>"; };
		E4C9EEDF16CF71B100D6B41A /* SuperCardAppDelegate.h */ = {isa = PBXFileReference; lastKnownFileType = sourcecode.c.h; path = SuperCardAppDelegate.h; sourceTree = "<group>"; };
		E4C9EEE016CF71B100D6B41A /* SuperCardAppDelegate.m */ = {isa = PBXFileReference; lastKnownFileType = sourcecode.c.objc; path = SuperCardAppDelegate.m; sourceTree = "<group>"; };
		E4C9EEE216CF71B100D6B41A /* Default.png */ = {isa = PBXFileReference; lastKnownFileType = image.png; path = Default.png; sourceTree = "<group>"; };
		E4C9EEE416CF71B100D6B41A /* Default@2x.png */ = {isa = PBXFileReference; lastKnownFileType = image.png; path = "Default@2x.png"; sourceTree = "<group>"; };
		E4C9EEE616CF71B100D6B41A /* Default-568h@2x.png */ = {isa = PBXFileReference; lastKnownFileType = image.png; path = "Default-568h@2x.png"; sourceTree = "<group>"; };
		E4C9EEE916CF71B100D6B41A /* en */ = {isa = PBXFileReference; lastKnownFileType = file.storyboard; name = en; path = en.lproj/MainStoryboard.storyboard; sourceTree = "<group>"; };
		E4C9EEEB16CF71B100D6B41A /* SuperCardViewController.h */ = {isa = PBXFileReference; lastKnownFileType = sourcecode.c.h; path = SuperCardViewController.h; sourceTree = "<group>"; };
		E4C9EEEC16CF71B100D6B41A /* SuperCardViewController.m */ = {isa = PBXFileReference; lastKnownFileType = sourcecode.c.objc; path = SuperCardViewController.m; sourceTree = "<group>"; };
		E4C9EEF316CF722A00D6B41A /* PlayingCardView.h */ = {isa = PBXFileReference; fileEncoding = 4; lastKnownFileType = sourcecode.c.h; path = PlayingCardView.h; sourceTree = "<group>"; };
		E4C9EEF416CF722A00D6B41A /* PlayingCardView.m */ = {isa = PBXFileReference; fileEncoding = 4; lastKnownFileType = sourcecode.c.objc; path = PlayingCardView.m; sourceTree = "<group>"; };
		E4D91B8B16CFCE05000BB2FB /* Card.h */ = {isa = PBXFileReference; fileEncoding = 4; lastKnownFileType = sourcecode.c.h; name = Card.h; path = Model/Card.h; sourceTree = "<group>"; };
		E4D91B8C16CFCE05000BB2FB /* Card.m */ = {isa = PBXFileReference; fileEncoding = 4; lastKnownFileType = sourcecode.c.objc; name = Card.m; path = Model/Card.m; sourceTree = "<group>"; };
		E4D91B8D16CFCE05000BB2FB /* Deck.h */ = {isa = PBXFileReference; fileEncoding = 4; lastKnownFileType = sourcecode.c.h; name = Deck.h; path = Model/Deck.h; sourceTree = "<group>"; };
		E4D91B8E16CFCE05000BB2FB /* Deck.m */ = {isa = PBXFileReference; fileEncoding = 4; lastKnownFileType = sourcecode.c.objc; name = Deck.m; path = Model/Deck.m; sourceTree = "<group>"; };
		E4D91B8F16CFCE05000BB2FB /* PlayingCard.h */ = {isa = PBXFileReference; fileEncoding = 4; lastKnownFileType = sourcecode.c.h; name = PlayingCard.h; path = Model/PlayingCard.h; sourceTree = "<group>"; };
		E4D91B9016CFCE05000BB2FB /* PlayingCard.m */ = {isa = PBXFileReference; fileEncoding = 4; lastKnownFileType = sourcecode.c.objc; name = PlayingCard.m; path = Model/PlayingCard.m; sourceTree = "<group>"; };
		E4D91B9116CFCE05000BB2FB /* PlayingCardDeck.h */ = {isa = PBXFileReference; fileEncoding = 4; lastKnownFileType = sourcecode.c.h; name = PlayingCardDeck.h; path = Model/PlayingCardDeck.h; sourceTree = "<group>"; };
		E4D91B9216CFCE05000BB2FB /* PlayingCardDeck.m */ = {isa = PBXFileReference; fileEncoding = 4; lastKnownFileType = sourcecode.c.objc; name = PlayingCardDeck.m; path = Model/PlayingCardDeck.m; sourceTree = "<group>"; };
/* End PBXFileReference section */

/* Begin PBXFrameworksBuildPhase section */
		E4C9EECA16CF71B100D6B41A /* Frameworks */ = {
			isa = PBXFrameworksBuildPhase;
			buildActionMask = 2147483647;
			files = (
				E4C9EED116CF71B100D6B41A /* UIKit.framework in Frameworks */,
				E4C9EED316CF71B100D6B41A /* Foundation.framework in Frameworks */,
				E4C9EED516CF71B100D6B41A /* CoreGraphics.framework in Frameworks */,
			);
			runOnlyForDeploymentPostprocessing = 0;
		};
/* End PBXFrameworksBuildPhase section */

/* Begin PBXGroup section */
		E4C9EEC416CF71B100D6B41A = {
			isa = PBXGroup;
			children = (
				E4C9EED616CF71B100D6B41A /* SuperCard */,
				E4C9EECF16CF71B100D6B41A /* Frameworks */,
				E4C9EECE16CF71B100D6B41A /* Products */,
			);
			sourceTree = "<group>";
		};
		E4C9EECE16CF71B100D6B41A /* Products */ = {
			isa = PBXGroup;
			children = (
				E4C9EECD16CF71B100D6B41A /* SuperSetCard.app */,
			);
			name = Products;
			sourceTree = "<group>";
		};
		E4C9EECF16CF71B100D6B41A /* Frameworks */ = {
			isa = PBXGroup;
			children = (
				E4C9EED016CF71B100D6B41A /* UIKit.framework */,
				E4C9EED216CF71B100D6B41A /* Foundation.framework */,
				E4C9EED416CF71B100D6B41A /* CoreGraphics.framework */,
			);
			name = Frameworks;
			sourceTree = "<group>";
		};
		E4C9EED616CF71B100D6B41A /* SuperCard */ = {
			isa = PBXGroup;
			children = (
				E4D91B9E16CFCE50000BB2FB /* Card Model */,
				E4D91B8516CFB9AA000BB2FB /* CardImages */,
				E4C9EEF316CF722A00D6B41A /* PlayingCardView.h */,
				E4C9EEF416CF722A00D6B41A /* PlayingCardView.m */,
				E4C9EEEB16CF71B100D6B41A /* SuperCardViewController.h */,
				E4C9EEEC16CF71B100D6B41A /* SuperCardViewController.m */,
				E4C9EEE816CF71B100D6B41A /* MainStoryboard.storyboard */,
				E4C7428916D0F41B0076A8E9 /* SetCardView.h */,
				E4C7428A16D0F41B0076A8E9 /* SetCardView.m */,
				E4C9EED716CF71B100D6B41A /* Supporting Files */,
			);
			path = SuperCard;
			sourceTree = "<group>";
		};
		E4C9EED716CF71B100D6B41A /* Supporting Files */ = {
			isa = PBXGroup;
			children = (
				E4C9EEDF16CF71B100D6B41A /* SuperCardAppDelegate.h */,
				E4C9EEE016CF71B100D6B41A /* SuperCardAppDelegate.m */,
				E4C9EED816CF71B100D6B41A /* SuperSetCard-Info.plist */,
				E4C9EED916CF71B100D6B41A /* InfoPlist.strings */,
				E4C9EEDC16CF71B100D6B41A /* main.m */,
				E4C9EEDE16CF71B100D6B41A /* SuperSetCard-Prefix.pch */,
				E4C9EEE216CF71B100D6B41A /* Default.png */,
				E4C9EEE416CF71B100D6B41A /* Default@2x.png */,
				E4C9EEE616CF71B100D6B41A /* Default-568h@2x.png */,
			);
			name = "Supporting Files";
			sourceTree = "<group>";
		};
		E4D91B8516CFB9AA000BB2FB /* CardImages */ = {
			isa = PBXGroup;
			children = (
			);
			name = CardImages;
			sourceTree = "<group>";
		};
		E4D91B9E16CFCE50000BB2FB /* Card Model */ = {
			isa = PBXGroup;
			children = (
				E4C7429216D0FC530076A8E9 /* SetCard.m */,
				E4D91B8B16CFCE05000BB2FB /* Card.h */,
				E4D91B8C16CFCE05000BB2FB /* Card.m */,
				E4D91B8D16CFCE05000BB2FB /* Deck.h */,
				E4D91B8E16CFCE05000BB2FB /* Deck.m */,
				E4D91B8F16CFCE05000BB2FB /* PlayingCard.h */,
				E4C7428C16D0F4CA0076A8E9 /* SetCard.h */,
				E4C7428D16D0F4CA0076A8E9 /* SetCardDeck.h */,
				E4C7428E16D0F4CA0076A8E9 /* SetCardDeck.m */,
				E4D91B9016CFCE05000BB2FB /* PlayingCard.m */,
				E4D91B9116CFCE05000BB2FB /* PlayingCardDeck.h */,
				E4D91B9216CFCE05000BB2FB /* PlayingCardDeck.m */,
			);
			name = "Card Model";
			sourceTree = "<group>";
		};
/* End PBXGroup section */

/* Begin PBXNativeTarget section */
		E4C9EECC16CF71B100D6B41A /* SuperSetCard */ = {
			isa = PBXNativeTarget;
			buildConfigurationList = E4C9EEF016CF71B100D6B41A /* Build configuration list for PBXNativeTarget "SuperSetCard" */;
			buildPhases = (
				E4C9EEC916CF71B100D6B41A /* Sources */,
				E4C9EECA16CF71B100D6B41A /* Frameworks */,
				E4C9EECB16CF71B100D6B41A /* Resources */,
			);
			buildRules = (
			);
			dependencies = (
			);
			name = SuperSetCard;
			productName = SuperCard;
			productReference = E4C9EECD16CF71B100D6B41A /* SuperSetCard.app */;
			productType = "com.apple.product-type.application";
		};
/* End PBXNativeTarget section */

/* Begin PBXProject section */
		E4C9EEC516CF71B100D6B41A /* Project object */ = {
			isa = PBXProject;
			attributes = {
				CLASSPREFIX = SuperCard;
				LastUpgradeCheck = 0460;
				ORGANIZATIONNAME = "Tatiana Kornilova";
			};
			buildConfigurationList = E4C9EEC816CF71B100D6B41A /* Build configuration list for PBXProject "SuperSetCard" */;
			compatibilityVersion = "Xcode 3.2";
			developmentRegion = English;
			hasScannedForEncodings = 0;
			knownRegions = (
				en,
			);
			mainGroup = E4C9EEC416CF71B100D6B41A;
			productRefGroup = E4C9EECE16CF71B100D6B41A /* Products */;
			projectDirPath = "";
			projectRoot = "";
			targets = (
				E4C9EECC16CF71B100D6B41A /* SuperSetCard */,
			);
		};
/* End PBXProject section */

/* Begin PBXResourcesBuildPhase section */
		E4C9EECB16CF71B100D6B41A /* Resources */ = {
			isa = PBXResourcesBuildPhase;
			buildActionMask = 2147483647;
			files = (
				E4C9EEDB16CF71B100D6B41A /* InfoPlist.strings in Resources */,
				E4C9EEE316CF71B100D6B41A /* Default.png in Resources */,
				E4C9EEE516CF71B100D6B41A /* Default@2x.png in Resources */,
				E4C9EEE716CF71B100D6B41A /* Default-568h@2x.png in Resources */,
				E4C9EEEA16CF71B100D6B41A /* MainStoryboard.storyboard in Resources */,
			);
			runOnlyForDeploymentPostprocessing = 0;
		};
/* End PBXResourcesBuildPhase section */

/* Begin PBXSourcesBuildPhase section */
		E4C9EEC916CF71B100D6B41A /* Sources */ = {
			isa = PBXSourcesBuildPhase;
			buildActionMask = 2147483647;
			files = (
				E4C9EEDD16CF71B100D6B41A /* main.m in Sources */,
				E4C9EEE116CF71B100D6B41A /* SuperCardAppDelegate.m in Sources */,
				E4C9EEED16CF71B100D6B41A /* SuperCardViewController.m in Sources */,
				E4C9EEF516CF722A00D6B41A /* PlayingCardView.m in Sources */,
				E4D91B9716CFCE05000BB2FB /* Card.m in Sources */,
				E4D91B9816CFCE05000BB2FB /* Deck.m in Sources */,
				E4D91B9916CFCE05000BB2FB /* PlayingCard.m in Sources */,
				E4D91B9A16CFCE05000BB2FB /* PlayingCardDeck.m in Sources */,
				E4C7428B16D0F41B0076A8E9 /* SetCardView.m in Sources */,
				E4C7428F16D0F4CA0076A8E9 /* SetCardDeck.m in Sources */,
				E4C7429316D0FC530076A8E9 /* SetCard.m in Sources */,
			);
			runOnlyForDeploymentPostprocessing = 0;
		};
/* End PBXSourcesBuildPhase section */

/* Begin PBXVariantGroup section */
		E4C9EED916CF71B100D6B41A /* InfoPlist.strings */ = {
			isa = PBXVariantGroup;
			children = (
				E4C9EEDA16CF71B100D6B41A /* en */,
			);
			name = InfoPlist.strings;
			sourceTree = "<group>";
		};
		E4C9EEE816CF71B100D6B41A /* MainStoryboard.storyboard */ = {
			isa = PBXVariantGroup;
			children = (
				E4C9EEE916CF71B100D6B41A /* en */,
			);
			name = MainStoryboard.storyboard;
			sourceTree = "<group>";
		};
/* End PBXVariantGroup section */

/* Begin XCBuildConfiguration section */
		E4C9EEEE16CF71B100D6B41A /* Debug */ = {
			isa = XCBuildConfiguration;
			buildSettings = {
				ALWAYS_SEARCH_USER_PATHS = NO;
				CLANG_CXX_LANGUAGE_STANDARD = "gnu++0x";
				CLANG_CXX_LIBRARY = "libc++";
				CLANG_ENABLE_OBJC_ARC = YES;
				CLANG_WARN_CONSTANT_CONVERSION = YES;
				CLANG_WARN_EMPTY_BODY = YES;
				CLANG_WARN_ENUM_CONVERSION = YES;
				CLANG_WARN_INT_CONVERSION = YES;
				CLANG_WARN__DUPLICATE_METHOD_MATCH = YES;
				"CODE_SIGN_IDENTITY[sdk=iphoneos*]" = "iPhone Developer";
				COPY_PHASE_STRIP = NO;
				GCC_C_LANGUAGE_STANDARD = gnu99;
				GCC_DYNAMIC_NO_PIC = NO;
				GCC_OPTIMIZATION_LEVEL = 0;
				GCC_PREPROCESSOR_DEFINITIONS = (
					"DEBUG=1",
					"$(inherited)",
				);
				GCC_SYMBOLS_PRIVATE_EXTERN = NO;
				GCC_WARN_ABOUT_RETURN_TYPE = YES;
				GCC_WARN_UNINITIALIZED_AUTOS = YES;
				GCC_WARN_UNUSED_VARIABLE = YES;
				IPHONEOS_DEPLOYMENT_TARGET = 6.1;
				ONLY_ACTIVE_ARCH = YES;
				SDKROOT = iphoneos;
			};
			name = Debug;
		};
		E4C9EEEF16CF71B100D6B41A /* Release */ = {
			isa = XCBuildConfiguration;
			buildSettings = {
				ALWAYS_SEARCH_USER_PATHS = NO;
				CLANG_CXX_LANGUAGE_STANDARD = "gnu++0x";
				CLANG_CXX_LIBRARY = "libc++";
				CLANG_ENABLE_OBJC_ARC = YES;
				CLANG_WARN_CONSTANT_CONVERSION = YES;
				CLANG_WARN_EMPTY_BODY = YES;
				CLANG_WARN_ENUM_CONVERSION = YES;
				CLANG_WARN_INT_CONVERSION = YES;
				CLANG_WARN__DUPLICATE_METHOD_MATCH = YES;
				"CODE_SIGN_IDENTITY[sdk=iphoneos*]" = "iPhone Developer";
				COPY_PHASE_STRIP = YES;
				GCC_C_LANGUAGE_STANDARD = gnu99;
				GCC_WARN_ABOUT_RETURN_TYPE = YES;
				GCC_WARN_UNINITIALIZED_AUTOS = YES;
				GCC_WARN_UNUSED_VARIABLE = YES;
				IPHONEOS_DEPLOYMENT_TARGET = 6.1;
				OTHER_CFLAGS = "-DNS_BLOCK_ASSERTIONS=1";
				SDKROOT = iphoneos;
				VALIDATE_PRODUCT = YES;
			};
			name = Release;
		};
		E4C9EEF116CF71B100D6B41A /* Debug */ = {
			isa = XCBuildConfiguration;
			buildSettings = {
				GCC_PRECOMPILE_PREFIX_HEADER = YES;
				GCC_PREFIX_HEADER = "SuperCard/SuperSetCard-Prefix.pch";
				INFOPLIST_FILE = "SuperCard/SuperSetCard-Info.plist";
				PRODUCT_NAME = SuperSetCard;
				WRAPPER_EXTENSION = app;
			};
			name = Debug;
		};
		E4C9EEF216CF71B100D6B41A /* Release */ = {
			isa = XCBuildConfiguration;
			buildSettings = {
				GCC_PRECOMPILE_PREFIX_HEADER = YES;
				GCC_PREFIX_HEADER = "SuperCard/SuperSetCard-Prefix.pch";
				INFOPLIST_FILE = "SuperCard/SuperSetCard-Info.plist";
				PRODUCT_NAME = SuperSetCard;
				WRAPPER_EXTENSION = app;
			};
			name = Release;
		};
/* End XCBuildConfiguration section */

/* Begin XCConfigurationList section */
		E4C9EEC816CF71B100D6B41A /* Build configuration list for PBXProject "SuperSetCard" */ = {
			isa = XCConfigurationList;
			buildConfigurations = (
				E4C9EEEE16CF71B100D6B41A /* Debug */,
				E4C9EEEF16CF71B100D6B41A /* Release */,
			);
			defaultConfigurationIsVisible = 0;
			defaultConfigurationName = Release;
		};
		E4C9EEF016CF71B100D6B41A /* Build configuration list for PBXNativeTarget "SuperSetCard" */ = {
			isa = XCConfigurationList;
			buildConfigurations = (
				E4C9EEF116CF71B100D6B41A /* Debug */,
				E4C9EEF216CF71B100D6B41A /* Release */,
			);
			defaultConfigurationIsVisible = 0;
			defaultConfigurationName = Release;
		};
/* End XCConfigurationList section */
	};
	rootObject = E4C9EEC516CF71B100D6B41A /* Project object */;
}
